
Microsoft Visual Studio Solution File, Format Version 12.00
# Visual Studio Version 16
VisualStudioVersion = 16.0.30204.135
MinimumVisualStudioVersion = 10.0.40219.1
Project("{00D1A9C2-B5F0-4AF3-8072-F6C62B433612}") = "BisRuleE.Db", "BisRuleE.Db\BisRuleE.Db.sqlproj", "{1FE934E4-9157-44DA-9611-7728C7E19503}"
EndProject
Project("{FAE04EC0-301F-11D3-BF4B-00C04F79EFBC}") = "BisRuleE", "BisRuleE.Engine\BisRuleE.csproj", "{4615FBA5-0168-4FA0-908B-18059A61BCC5}"
EndProject
Global
	GlobalSection(SolutionConfigurationPlatforms) = preSolution
		Debug|Any CPU = Debug|Any CPU
		Release|Any CPU = Release|Any CPU
	EndGlobalSection
	GlobalSection(ProjectConfigurationPlatforms) = postSolution
		{1FE934E4-9157-44DA-9611-7728C7E19503}.Debug|Any CPU.ActiveCfg = Debug|Any CPU
		{1FE934E4-9157-44DA-9611-7728C7E19503}.Debug|Any CPU.Build.0 = Debug|Any CPU
		{1FE934E4-9157-44DA-9611-7728C7E19503}.Debug|Any CPU.Deploy.0 = Debug|Any CPU
		{1FE934E4-9157-44DA-9611-7728C7E19503}.Release|Any CPU.ActiveCfg = Release|Any CPU
		{1FE934E4-9157-44DA-9611-7728C7E19503}.Release|Any CPU.Build.0 = Release|Any CPU
		{1FE934E4-9157-44DA-9611-7728C7E19503}.Release|Any CPU.Deploy.0 = Release|Any CPU
		{4615FBA5-0168-4FA0-908B-18059A61BCC5}.Debug|Any CPU.ActiveCfg = Debug|Any CPU
		{4615FBA5-0168-4FA0-908B-18059A61BCC5}.Debug|Any CPU.Build.0 = Debug|Any CPU
		{4615FBA5-0168-4FA0-908B-18059A61BCC5}.Release|Any CPU.ActiveCfg = Release|Any CPU
		{4615FBA5-0168-4FA0-908B-18059A61BCC5}.Release|Any CPU.Build.0 = Release|Any CPU
	EndGlobalSection
	GlobalSection(SolutionProperties) = preSolution
		HideSolutionNode = FALSE
	EndGlobalSection
	GlobalSection(ExtensibilityGlobals) = postSolution
		SolutionGuid = {AD1BAB14-3DC4-47FE-AC80-7A16AFD6B0EE}
	EndGlobalSection
EndGlobal
